# THIS IS AN AUTOGENERATED FILE. DO NOT EDIT THIS FILE DIRECTLY.
# yarn lockfile v1


iconv@~2.2.1:
  version "2.2.3"
  resolved "https://registry.yarnpkg.com/iconv/-/iconv-2.2.3.tgz#e084d60eeb7d73da7f0a9c096e4c8abe090bfaed"
  dependencies:
    nan "^2.3.5"

irc-colors@^1.1.0:
  version "1.4.2"
  resolved "https://registry.yarnpkg.com/irc-colors/-/irc-colors-1.4.2.tgz#f8dac758553ae91f5647a2a181c0082cfe28c08e"

irc@^0.5.2:
  version "0.5.2"
  resolved "https://registry.yarnpkg.com/irc/-/irc-0.5.2.tgz#3714f4768365a96d0b2f776bc91166beb2464bbc"
  dependencies:
    irc-colors "^1.1.0"
  optionalDependencies:
    iconv "~2.2.1"
    node-icu-charset-detector "~0.2.0"

nan@^2.3.3, nan@^2.3.5:
  version "2.9.2"
  resolved "https://registry.yarnpkg.com/nan/-/nan-2.9.2.tgz#f564d75f5f8f36a6d9456cca7a6c4fe488ab7866"

node-icu-charset-detector@~0.2.0:
  version "0.2.0"
  resolved "https://registry.yarnpkg.com/node-icu-charset-detector/-/node-icu-charset-detector-0.2.0.tgz#c2320da374ddcb671fc54cb4a0e041e156ffd639"
  dependencies:
    nan "^2.3.3"
